// !$*UTF8*$!
{
	archiveVersion = 1;
	classes = {
	};
	objectVersion = 50;
	objects = {

/* Begin PBXBuildFile section */
		4F91DE672469959700203930 /* AppDelegate.swift in Sources */ = {isa = PBXBuildFile; fileRef = 4F91DE662469959700203930 /* AppDelegate.swift */; };
		4F91DE692469959700203930 /* SceneDelegate.swift in Sources */ = {isa = PBXBuildFile; fileRef = 4F91DE682469959700203930 /* SceneDelegate.swift */; };
		4F91DE6B2469959700203930 /* ViewController.swift in Sources */ = {isa = PBXBuildFile; fileRef = 4F91DE6A2469959700203930 /* ViewController.swift */; };
		4F91DE6E2469959700203930 /* Main.storyboard in Resources */ = {isa = PBXBuildFile; fileRef = 4F91DE6C2469959700203930 /* Main.storyboard */; };
		4F91DE702469959D00203930 /* Assets.xcassets in Resources */ = {isa = PBXBuildFile; fileRef = 4F91DE6F2469959D00203930 /* Assets.xcassets */; };
		4F91DE732469959D00203930 /* LaunchScreen.storyboard in Resources */ = {isa = PBXBuildFile; fileRef = 4F91DE712469959D00203930 /* LaunchScreen.storyboard */; };
		4F91DE7E2469959D00203930 /* additionGameTests.swift in Sources */ = {isa = PBXBuildFile; fileRef = 4F91DE7D2469959D00203930 /* additionGameTests.swift */; };
		4F91DE892469959D00203930 /* additionGameUITests.swift in Sources */ = {isa = PBXBuildFile; fileRef = 4F91DE882469959D00203930 /* additionGameUITests.swift */; };
/* End PBXBuildFile section */

/* Begin PBXContainerItemProxy section */
		4F91DE7A2469959D00203930 /* PBXContainerItemProxy */ = {
			isa = PBXContainerItemProxy;
			containerPortal = 4F91DE5B2469959700203930 /* Project object */;
			proxyType = 1;
			remoteGlobalIDString = 4F91DE622469959700203930;
			remoteInfo = additionGame;
		};
		4F91DE852469959D00203930 /* PBXContainerItemProxy */ = {
			isa = PBXContainerItemProxy;
			containerPortal = 4F91DE5B2469959700203930 /* Project object */;
			proxyType = 1;
			remoteGlobalIDString = 4F91DE622469959700203930;
			remoteInfo = additionGame;
		};
/* End PBXContainerItemProxy section */

/* Begin PBXFileReference section */
		4F91DE632469959700203930 /* additionGame.app */ = {isa = PBXFileReference; explicitFileType = wrapper.application; includeInIndex = 0; path = additionGame.app; sourceTree = BUILT_PRODUCTS_DIR; };
		4F91DE662469959700203930 /* AppDelegate.swift */ = {isa = PBXFileReference; lastKnownFileType = sourcecode.swift; path = AppDelegate.swift; sourceTree = "<group>"; };
		4F91DE682469959700203930 /* SceneDelegate.swift */ = {isa = PBXFileReference; lastKnownFileType = sourcecode.swift; path = SceneDelegate.swift; sourceTree = "<group>"; };
		4F91DE6A2469959700203930 /* ViewController.swift */ = {isa = PBXFileReference; lastKnownFileType = sourcecode.swift; path = ViewController.swift; sourceTree = "<group>"; };
		4F91DE6D2469959700203930 /* Base */ = {isa = PBXFileReference; lastKnownFileType = file.storyboard; name = Base; path = Base.lproj/Main.storyboard; sourceTree = "<group>"; };
		4F91DE6F2469959D00203930 /* Assets.xcassets */ = {isa = PBXFileReference; lastKnownFileType = folder.assetcatalog; path = Assets.xcassets; sourceTree = "<group>"; };
		4F91DE722469959D00203930 /* Base */ = {isa = PBXFileReference; lastKnownFileType = file.storyboard; name = Base; path = Base.lproj/LaunchScreen.storyboard; sourceTree = "<group>"; };
		4F91DE742469959D00203930 /* Info.plist */ = {isa = PBXFileReference; lastKnownFileType = text.plist.xml; path = Info.plist; sourceTree = "<group>"; };
		4F91DE792469959D00203930 /* additionGameTests.xctest */ = {isa = PBXFileReference; explicitFileType = wrapper.cfbundle; includeInIndex = 0; path = additionGameTests.xctest; sourceTree = BUILT_PRODUCTS_DIR; };
		4F91DE7D2469959D00203930 /* additionGameTests.swift */ = {isa = PBXFileReference; lastKnownFileType = sourcecode.swift; path = additionGameTests.swift; sourceTree = "<group>"; };
		4F91DE7F2469959D00203930 /* Info.plist */ = {isa = PBXFileReference; lastKnownFileType = text.plist.xml; path = Info.plist; sourceTree = "<group>"; };
		4F91DE842469959D00203930 /* additionGameUITests.xctest */ = {isa = PBXFileReference; explicitFileType = wrapper.cfbundle; includeInIndex = 0; path = additionGameUITests.xctest; sourceTree = BUILT_PRODUCTS_DIR; };
		4F91DE882469959D00203930 /* additionGameUITests.swift */ = {isa = PBXFileReference; lastKnownFileType = sourcecode.swift; path = additionGameUITests.swift; sourceTree = "<group>"; };
		4F91DE8A2469959D00203930 /* Info.plist */ = {isa = PBXFileReference; lastKnownFileType = text.plist.xml; path = Info.plist; sourceTree = "<group>"; };
/* End PBXFileReference section */

/* Begin PBXFrameworksBuildPhase section */
		4F91DE602469959700203930 /* Frameworks */ = {
			isa = PBXFrameworksBuildPhase;
			buildActionMask = 2147483647;
			files = (
			);
			runOnlyForDeploymentPostprocessing = 0;
		};
		4F91DE762469959D00203930 /* Frameworks */ = {
			isa = PBXFrameworksBuildPhase;
			buildActionMask = 2147483647;
			files = (
			);
			runOnlyForDeploymentPostprocessing = 0;
		};
		4F91DE812469959D00203930 /* Frameworks */ = {
			isa = PBXFrameworksBuildPhase;
			buildActionMask = 2147483647;
			files = (
			);
			runOnlyForDeploymentPostprocessing = 0;
		};
/* End PBXFrameworksBuildPhase section */

/* Begin PBXGroup section */
		4F91DE5A2469959700203930 = {
			isa = PBXGroup;
			children = (
				4F91DE652469959700203930 /* additionGame */,
				4F91DE7C2469959D00203930 /* additionGameTests */,
				4F91DE872469959D00203930 /* additionGameUITests */,
				4F91DE642469959700203930 /* Products */,
			);
			sourceTree = "<group>";
		};
		4F91DE642469959700203930 /* Products */ = {
			isa = PBXGroup;
			children = (
				4F91DE632469959700203930 /* additionGame.app */,
				4F91DE792469959D00203930 /* additionGameTests.xctest */,
				4F91DE842469959D00203930 /* additionGameUITests.xctest */,
			);
			name = Products;
			sourceTree = "<group>";
		};
		4F91DE652469959700203930 /* additionGame */ = {
			isa = PBXGroup;
			children = (
				4F91DE662469959700203930 /* AppDelegate.swift */,
				4F91DE682469959700203930 /* SceneDelegate.swift */,
				4F91DE6A2469959700203930 /* ViewController.swift */,
				4F91DE6C2469959700203930 /* Main.storyboard */,
				4F91DE6F2469959D00203930 /* Assets.xcassets */,
				4F91DE712469959D00203930 /* LaunchScreen.storyboard */,
				4F91DE742469959D00203930 /* Info.plist */,
			);
			path = additionGame;
			sourceTree = "<group>";
		};
		4F91DE7C2469959D00203930 /* additionGameTests */ = {
			isa = PBXGroup;
			children = (
				4F91DE7D2469959D00203930 /* additionGameTests.swift */,
				4F91DE7F2469959D00203930 /* Info.plist */,
			);
			path = additionGameTests;
			sourceTree = "<group>";
		};
		4F91DE872469959D00203930 /* additionGameUITests */ = {
			isa = PBXGroup;
			children = (
				4F91DE882469959D00203930 /* additionGameUITests.swift */,
				4F91DE8A2469959D00203930 /* Info.plist */,
			);
			path = additionGameUITests;
			sourceTree = "<group>";
		};
/* End PBXGroup section */

/* Begin PBXNativeTarget section */
		4F91DE622469959700203930 /* additionGame */ = {
			isa = PBXNativeTarget;
			buildConfigurationList = 4F91DE8D2469959D00203930 /* Build configuration list for PBXNativeTarget "additionGame" */;
			buildPhases = (
				4F91DE5F2469959700203930 /* Sources */,
				4F91DE602469959700203930 /* Frameworks */,
				4F91DE612469959700203930 /* Resources */,
			);
			buildRules = (
			);
			dependencies = (
			);
			name = additionGame;
			productName = additionGame;
			productReference = 4F91DE632469959700203930 /* additionGame.app */;
			productType = "com.apple.product-type.application";
		};
		4F91DE782469959D00203930 /* additionGameTests */ = {
			isa = PBXNativeTarget;
			buildConfigurationList = 4F91DE902469959D00203930 /* Build configuration list for PBXNativeTarget "additionGameTests" */;
			buildPhases = (
				4F91DE752469959D00203930 /* Sources */,
				4F91DE762469959D00203930 /* Frameworks */,
				4F91DE772469959D00203930 /* Resources */,
			);
			buildRules = (
			);
			dependencies = (
				4F91DE7B2469959D00203930 /* PBXTargetDependency */,
			);
			name = additionGameTests;
			productName = additionGameTests;
			productReference = 4F91DE792469959D00203930 /* additionGameTests.xctest */;
			productType = "com.apple.product-type.bundle.unit-test";
		};
		4F91DE832469959D00203930 /* additionGameUITests */ = {
			isa = PBXNativeTarget;
			buildConfigurationList = 4F91DE932469959D00203930 /* Build configuration list for PBXNativeTarget "additionGameUITests" */;
			buildPhases = (
				4F91DE802469959D00203930 /* Sources */,
				4F91DE812469959D00203930 /* Frameworks */,
				4F91DE822469959D00203930 /* Resources */,
			);
			buildRules = (
			);
			dependencies = (
				4F91DE862469959D00203930 /* PBXTargetDependency */,
			);
			name = additionGameUITests;
			productName = additionGameUITests;
			productReference = 4F91DE842469959D00203930 /* additionGameUITests.xctest */;
			productType = "com.apple.product-type.bundle.ui-testing";
		};
/* End PBXNativeTarget section */

/* Begin PBXProject section */
		4F91DE5B2469959700203930 /* Project object */ = {
			isa = PBXProject;
			attributes = {
				LastSwiftUpdateCheck = 1140;
				LastUpgradeCheck = 1140;
				ORGANIZATIONNAME = "Aashray Shrestha";
				TargetAttributes = {
					4F91DE622469959700203930 = {
						CreatedOnToolsVersion = 11.4.1;
					};
					4F91DE782469959D00203930 = {
						CreatedOnToolsVersion = 11.4.1;
						TestTargetID = 4F91DE622469959700203930;
					};
					4F91DE832469959D00203930 = {
						CreatedOnToolsVersion = 11.4.1;
						TestTargetID = 4F91DE622469959700203930;
					};
				};
			};
			buildConfigurationList = 4F91DE5E2469959700203930 /* Build configuration list for PBXProject "additionGame" */;
			compatibilityVersion = "Xcode 9.3";
			developmentRegion = en;
			hasScannedForEncodings = 0;
			knownRegions = (
				en,
				Base,
			);
			mainGroup = 4F91DE5A2469959700203930;
			productRefGroup = 4F91DE642469959700203930 /* Products */;
			projectDirPath = "";
			projectRoot = "";
			targets = (
				4F91DE622469959700203930 /* additionGame */,
				4F91DE782469959D00203930 /* additionGameTests */,
				4F91DE832469959D00203930 /* additionGameUITests */,
			);
		};
/* End PBXProject section */

/* Begin PBXResourcesBuildPhase section */
		4F91DE612469959700203930 /* Resources */ = {
			isa = PBXResourcesBuildPhase;
			buildActionMask = 2147483647;
			files = (
				4F91DE732469959D00203930 /* LaunchScreen.storyboard in Resources */,
				4F91DE702469959D00203930 /* Assets.xcassets in Resources */,
				4F91DE6E2469959700203930 /* Main.storyboard in Resources */,
			);
			runOnlyForDeploymentPostprocessing = 0;
		};
		4F91DE772469959D00203930 /* Resources */ = {
			isa = PBXResourcesBuildPhase;
			buildActionMask = 2147483647;
			files = (
			);
			runOnlyForDeploymentPostprocessing = 0;
		};
		4F91DE822469959D00203930 /* Resources */ = {
			isa = PBXResourcesBuildPhase;
			buildActionMask = 2147483647;
			files = (
			);
			runOnlyForDeploymentPostprocessing = 0;
		};
/* End PBXResourcesBuildPhase section */

/* Begin PBXSourcesBuildPhase section */
		4F91DE5F2469959700203930 /* Sources */ = {
			isa = PBXSourcesBuildPhase;
			buildActionMask = 2147483647;
			files = (
				4F91DE6B2469959700203930 /* ViewController.swift in Sources */,
				4F91DE672469959700203930 /* AppDelegate.swift in Sources */,
				4F91DE692469959700203930 /* SceneDelegate.swift in Sources */,
			);
			runOnlyForDeploymentPostprocessing = 0;
		};
		4F91DE752469959D00203930 /* Sources */ = {
			isa = PBXSourcesBuildPhase;
			buildActionMask = 2147483647;
			files = (
				4F91DE7E2469959D00203930 /* additionGameTests.swift in Sources */,
			);
			runOnlyForDeploymentPostprocessing = 0;
		};
		4F91DE802469959D00203930 /* Sources */ = {
			isa = PBXSourcesBuildPhase;
			buildActionMask = 2147483647;
			files = (
				4F91DE892469959D00203930 /* additionGameUITests.swift in Sources */,
			);
			runOnlyForDeploymentPostprocessing = 0;
		};
/* End PBXSourcesBuildPhase section */

/* Begin PBXTargetDependency section */
		4F91DE7B2469959D00203930 /* PBXTargetDependency */ = {
			isa = PBXTargetDependency;
			target = 4F91DE622469959700203930 /* additionGame */;
			targetProxy = 4F91DE7A2469959D00203930 /* PBXContainerItemProxy */;
		};
		4F91DE862469959D00203930 /* PBXTargetDependency */ = {
			isa = PBXTargetDependency;
			target = 4F91DE622469959700203930 /* additionGame */;
			targetProxy = 4F91DE852469959D00203930 /* PBXContainerItemProxy */;
		};
/* End PBXTargetDependency section */

/* Begin PBXVariantGroup section */
		4F91DE6C2469959700203930 /* Main.storyboard */ = {
			isa = PBXVariantGroup;
			children = (
				4F91DE6D2469959700203930 /* Base */,
			);
			name = Main.storyboard;
			sourceTree = "<group>";
		};
		4F91DE712469959D00203930 /* LaunchScreen.storyboard */ = {
			isa = PBXVariantGroup;
			children = (
				4F91DE722469959D00203930 /* Base */,
			);
			name = LaunchScreen.storyboard;
			sourceTree = "<group>";
		};
/* End PBXVariantGroup section */

/* Begin XCBuildConfiguration section */
		4F91DE8B2469959D00203930 /* Debug */ = {
			isa = XCBuildConfiguration;
			buildSettings = {
				ALWAYS_SEARCH_USER_PATHS = NO;
				CLANG_ANALYZER_NONNULL = YES;
				CLANG_ANALYZER_NUMBER_OBJECT_CONVERSION = YES_AGGRESSIVE;
				CLANG_CXX_LANGUAGE_STANDARD = "gnu++14";
				CLANG_CXX_LIBRARY = "libc++";
				CLANG_ENABLE_MODULES = YES;
				CLANG_ENABLE_OBJC_ARC = YES;
				CLANG_ENABLE_OBJC_WEAK = YES;
				CLANG_WARN_BLOCK_CAPTURE_AUTORELEASING = YES;
				CLANG_WARN_BOOL_CONVERSION = YES;
				CLANG_WARN_COMMA = YES;
				CLANG_WARN_CONSTANT_CONVERSION = YES;
				CLANG_WARN_DEPRECATED_OBJC_IMPLEMENTATIONS = YES;
				CLANG_WARN_DIRECT_OBJC_ISA_USAGE = YES_ERROR;
				CLANG_WARN_DOCUMENTATION_COMMENTS = YES;
				CLANG_WARN_EMPTY_BODY = YES;
				CLANG_WARN_ENUM_CONVERSION = YES;
				CLANG_WARN_INFINITE_RECURSION = YES;
				CLANG_WARN_INT_CONVERSION = YES;
				CLANG_WARN_NON_LITERAL_NULL_CONVERSION = YES;
				CLANG_WARN_OBJC_IMPLICIT_RETAIN_SELF = YES;
				CLANG_WARN_OBJC_LITERAL_CONVERSION = YES;
				CLANG_WARN_OBJC_ROOT_CLASS = YES_ERROR;
				CLANG_WARN_RANGE_LOOP_ANALYSIS = YES;
				CLANG_WARN_STRICT_PROTOTYPES = YES;
				CLANG_WARN_SUSPICIOUS_MOVE = YES;
				CLANG_WARN_UNGUARDED_AVAILABILITY = YES_AGGRESSIVE;
				CLANG_WARN_UNREACHABLE_CODE = YES;
				CLANG_WARN__DUPLICATE_METHOD_MATCH = YES;
				COPY_PHASE_STRIP = NO;
				DEBUG_INFORMATION_FORMAT = dwarf;
				ENABLE_STRICT_OBJC_MSGSEND = YES;
				ENABLE_TESTABILITY = YES;
				GCC_C_LANGUAGE_STANDARD = gnu11;
				GCC_DYNAMIC_NO_PIC = NO;
				GCC_NO_COMMON_BLOCKS = YES;
				GCC_OPTIMIZATION_LEVEL = 0;
				GCC_PREPROCESSOR_DEFINITIONS = (
					"DEBUG=1",
					"$(inherited)",
				);
				GCC_WARN_64_TO_32_BIT_CONVERSION = YES;
				GCC_WARN_ABOUT_RETURN_TYPE = YES_ERROR;
				GCC_WARN_UNDECLARED_SELECTOR = YES;
				GCC_WARN_UNINITIALIZED_AUTOS = YES_AGGRESSIVE;
				GCC_WARN_UNUSED_FUNCTION = YES;
				GCC_WARN_UNUSED_VARIABLE = YES;
				IPHONEOS_DEPLOYMENT_TARGET = 13.4;
				MTL_ENABLE_DEBUG_INFO = INCLUDE_SOURCE;
				MTL_FAST_MATH = YES;
				ONLY_ACTIVE_ARCH = YES;
				SDKROOT = iphoneos;
				SWIFT_ACTIVE_COMPILATION_CONDITIONS = DEBUG;
				SWIFT_OPTIMIZATION_LEVEL = "-Onone";
			};
			name = Debug;
		};
		4F91DE8C2469959D00203930 /* Release */ = {
			isa = XCBuildConfiguration;
			buildSettings = {
				ALWAYS_SEARCH_USER_PATHS = NO;
				CLANG_ANALYZER_NONNULL = YES;
				CLANG_ANALYZER_NUMBER_OBJECT_CONVERSION = YES_AGGRESSIVE;
				CLANG_CXX_LANGUAGE_STANDARD = "gnu++14";
				CLANG_CXX_LIBRARY = "libc++";
				CLANG_ENABLE_MODULES = YES;
				CLANG_ENABLE_OBJC_ARC = YES;
				CLANG_ENABLE_OBJC_WEAK = YES;
				CLANG_WARN_BLOCK_CAPTURE_AUTORELEASING = YES;
				CLANG_WARN_BOOL_CONVERSION = YES;
				CLANG_WARN_COMMA = YES;
				CLANG_WARN_CONSTANT_CONVERSION = YES;
				CLANG_WARN_DEPRECATED_OBJC_IMPLEMENTATIONS = YES;
				CLANG_WARN_DIRECT_OBJC_ISA_USAGE = YES_ERROR;
				CLANG_WARN_DOCUMENTATION_COMMENTS = YES;
				CLANG_WARN_EMPTY_BODY = YES;
				CLANG_WARN_ENUM_CONVERSION = YES;
				CLANG_WARN_INFINITE_RECURSION = YES;
				CLANG_WARN_INT_CONVERSION = YES;
				CLANG_WARN_NON_LITERAL_NULL_CONVERSION = YES;
				CLANG_WARN_OBJC_IMPLICIT_RETAIN_SELF = YES;
				CLANG_WARN_OBJC_LITERAL_CONVERSION = YES;
				CLANG_WARN_OBJC_ROOT_CLASS = YES_ERROR;
				CLANG_WARN_RANGE_LOOP_ANALYSIS = YES;
				CLANG_WARN_STRICT_PROTOTYPES = YES;
				CLANG_WARN_SUSPICIOUS_MOVE = YES;
				CLANG_WARN_UNGUARDED_AVAILABILITY = YES_AGGRESSIVE;
				CLANG_WARN_UNREACHABLE_CODE = YES;
				CLANG_WARN__DUPLICATE_METHOD_MATCH = YES;
				COPY_PHASE_STRIP = NO;
				DEBUG_INFORMATION_FORMAT = "dwarf-with-dsym";
				ENABLE_NS_ASSERTIONS = NO;
				ENABLE_STRICT_OBJC_MSGSEND = YES;
				GCC_C_LANGUAGE_STANDARD = gnu11;
				GCC_NO_COMMON_BLOCKS = YES;
				GCC_WARN_64_TO_32_BIT_CONVERSION = YES;
				GCC_WARN_ABOUT_RETURN_TYPE = YES_ERROR;
				GCC_WARN_UNDECLARED_SELECTOR = YES;
				GCC_WARN_UNINITIALIZED_AUTOS = YES_AGGRESSIVE;
				GCC_WARN_UNUSED_FUNCTION = YES;
				GCC_WARN_UNUSED_VARIABLE = YES;
				IPHONEOS_DEPLOYMENT_TARGET = 13.4;
				MTL_ENABLE_DEBUG_INFO = NO;
				MTL_FAST_MATH = YES;
				SDKROOT = iphoneos;
				SWIFT_COMPILATION_MODE = wholemodule;
				SWIFT_OPTIMIZATION_LEVEL = "-O";
				VALIDATE_PRODUCT = YES;
			};
			name = Release;
		};
		4F91DE8E2469959D00203930 /* Debug */ = {
			isa = XCBuildConfiguration;
			buildSettings = {
				ASSETCATALOG_COMPILER_APPICON_NAME = AppIcon;
				CODE_SIGN_STYLE = Automatic;
				INFOPLIST_FILE = additionGame/Info.plist;
				LD_RUNPATH_SEARCH_PATHS = (
					"$(inherited)",
					"@executable_path/Frameworks",
				);
				PRODUCT_BUNDLE_IDENTIFIER = com.aashrayshrestha.additionGame;
				PRODUCT_NAME = "$(TARGET_NAME)";
				SWIFT_VERSION = 5.0;
				TARGETED_DEVICE_FAMILY = "1,2";
			};
			name = Debug;
		};
		4F91DE8F2469959D00203930 /* Release */ = {
			isa = XCBuildConfiguration;
			buildSettings = {
				ASSETCATALOG_COMPILER_APPICON_NAME = AppIcon;
				CODE_SIGN_STYLE = Automatic;
				INFOPLIST_FILE = additionGame/Info.plist;
				LD_RUNPATH_SEARCH_PATHS = (
					"$(inherited)",
					"@executable_path/Frameworks",
				);
				PRODUCT_BUNDLE_IDENTIFIER = com.aashrayshrestha.additionGame;
				PRODUCT_NAME = "$(TARGET_NAME)";
				SWIFT_VERSION = 5.0;
				TARGETED_DEVICE_FAMILY = "1,2";
			};
			name = Release;
		};
		4F91DE912469959D00203930 /* Debug */ = {
			isa = XCBuildConfiguration;
			buildSettings = {
				ALWAYS_EMBED_SWIFT_STANDARD_LIBRARIES = YES;
				BUNDLE_LOADER = "$(TEST_HOST)";
				CODE_SIGN_STYLE = Automatic;
				INFOPLIST_FILE = additionGameTests/Info.plist;
				IPHONEOS_DEPLOYMENT_TARGET = 13.4;
				LD_RUNPATH_SEARCH_PATHS = (
					"$(inherited)",
					"@executable_path/Frameworks",
					"@loader_path/Frameworks",
				);
				PRODUCT_BUNDLE_IDENTIFIER = com.aashrayshrestha.additionGameTests;
				PRODUCT_NAME = "$(TARGET_NAME)";
				SWIFT_VERSION = 5.0;
				TARGETED_DEVICE_FAMILY = "1,2";
				TEST_HOST = "$(BUILT_PRODUCTS_DIR)/additionGame.app/additionGame";
			};
			name = Debug;
		};
		4F91DE922469959D00203930 /* Release */ = {
			isa = XCBuildConfiguration;
			buildSettings = {
				ALWAYS_EMBED_SWIFT_STANDARD_LIBRARIES = YES;
				BUNDLE_LOADER = "$(TEST_HOST)";
				CODE_SIGN_STYLE = Automatic;
				INFOPLIST_FILE = additionGameTests/Info.plist;
				IPHONEOS_DEPLOYMENT_TARGET = 13.4;
				LD_RUNPATH_SEARCH_PATHS = (
					"$(inherited)",
					"@executable_path/Frameworks",
					"@loader_path/Frameworks",
				);
				PRODUCT_BUNDLE_IDENTIFIER = com.aashrayshrestha.additionGameTests;
				PRODUCT_NAME = "$(TARGET_NAME)";
				SWIFT_VERSION = 5.0;
				TARGETED_DEVICE_FAMILY = "1,2";
				TEST_HOST = "$(BUILT_PRODUCTS_DIR)/additionGame.app/additionGame";
			};
			name = Release;
		};
		4F91DE942469959D00203930 /* Debug */ = {
			isa = XCBuildConfiguration;
			buildSettings = {
				ALWAYS_EMBED_SWIFT_STANDARD_LIBRARIES = YES;
				CODE_SIGN_STYLE = Automatic;
				INFOPLIST_FILE = additionGameUITests/Info.plist;
				LD_RUNPATH_SEARCH_PATHS = (
					"$(inherited)",
					"@executable_path/Frameworks",
					"@loader_path/Frameworks",
				);
				PRODUCT_BUNDLE_IDENTIFIER = com.aashrayshrestha.additionGameUITests;
				PRODUCT_NAME = "$(TARGET_NAME)";
				SWIFT_VERSION = 5.0;
				TARGETED_DEVICE_FAMILY = "1,2";
				TEST_TARGET_NAME = additionGame;
			};
			name = Debug;
		};
		4F91DE952469959D00203930 /* Release */ = {
			isa = XCBuildConfiguration;
			buildSettings = {
				ALWAYS_EMBED_SWIFT_STANDARD_LIBRARIES = YES;
				CODE_SIGN_STYLE = Automatic;
				INFOPLIST_FILE = additionGameUITests/Info.plist;
				LD_RUNPATH_SEARCH_PATHS = (
					"$(inherited)",
					"@executable_path/Frameworks",
					"@loader_path/Frameworks",
				);
				PRODUCT_BUNDLE_IDENTIFIER = com.aashrayshrestha.additionGameUITests;
				PRODUCT_NAME = "$(TARGET_NAME)";
				SWIFT_VERSION = 5.0;
				TARGETED_DEVICE_FAMILY = "1,2";
				TEST_TARGET_NAME = additionGame;
			};
			name = Release;
		};
/* End XCBuildConfiguration section */

/* Begin XCConfigurationList section */
		4F91DE5E2469959700203930 /* Build configuration list for PBXProject "additionGame" */ = {
			isa = XCConfigurationList;
			buildConfigurations = (
				4F91DE8B2469959D00203930 /* Debug */,
				4F91DE8C2469959D00203930 /* Release */,
			);
			defaultConfigurationIsVisible = 0;
			defaultConfigurationName = Release;
		};
		4F91DE8D2469959D00203930 /* Build configuration list for PBXNativeTarget "additionGame" */ = {
			isa = XCConfigurationList;
			buildConfigurations = (
				4F91DE8E2469959D00203930 /* Debug */,
				4F91DE8F2469959D00203930 /* Release */,
			);
			defaultConfigurationIsVisible = 0;
			defaultConfigurationName = Release;
		};
		4F91DE902469959D00203930 /* Build configuration list for PBXNativeTarget "additionGameTests" */ = {
			isa = XCConfigurationList;
			buildConfigurations = (
				4F91DE912469959D00203930 /* Debug */,
				4F91DE922469959D00203930 /* Release */,
			);
			defaultConfigurationIsVisible = 0;
			defaultConfigurationName = Release;
		};
		4F91DE932469959D00203930 /* Build configuration list for PBXNativeTarget "additionGameUITests" */ = {
			isa = XCConfigurationList;
			buildConfigurations = (
				4F91DE942469959D00203930 /* Debug */,
				4F91DE952469959D00203930 /* Release */,
			);
			defaultConfigurationIsVisible = 0;
			defaultConfigurationName = Release;
		};
/* End XCConfigurationList section */
	};
	rootObject = 4F91DE5B2469959700203930 /* Project object */;
}
